
Microsoft Visual Studio Solution File, Format Version 12.00
# Visual Studio Version 17
VisualStudioVersion = 17.1.32421.90
MinimumVisualStudioVersion = 10.0.40219.1
Project("{FAE04EC0-301F-11D3-BF4B-00C04F79EFBC}") = "Opgave 3", "Opgave 3\Opgave 3.csproj", "{969FA9A3-7FBE-4ACD-A225-1F957CE6221B}"
EndProject
Project("{FAE04EC0-301F-11D3-BF4B-00C04F79EFBC}") = "Opgave 4", "Opgave 4\Opgave 4.csproj", "{418C7742-2EEC-47A5-9D59-47826BA69AB0}"
EndProject
Project("{FAE04EC0-301F-11D3-BF4B-00C04F79EFBC}") = "Opgave 0", "Opgave 0\Opgave 0.csproj", "{1523D2F4-C477-45DC-8556-55B3836EE806}"
EndProject
Project("{FAE04EC0-301F-11D3-BF4B-00C04F79EFBC}") = "Opgave 1", "Opgave 1\Opgave 1.csproj", "{BFBAA976-7482-4CB2-BA88-4F8CAF076EDE}"
EndProject
Project("{FAE04EC0-301F-11D3-BF4B-00C04F79EFBC}") = "Opgave 2", "Opgave 2\Opgave 2.csproj", "{7BCA3CCD-B307-4644-BC5E-4D312B9DBCBE}"
EndProject
Global
	GlobalSection(SolutionConfigurationPlatforms) = preSolution
		Debug|Any CPU = Debug|Any CPU
		Release|Any CPU = Release|Any CPU
	EndGlobalSection
	GlobalSection(ProjectConfigurationPlatforms) = postSolution
		{969FA9A3-7FBE-4ACD-A225-1F957CE6221B}.Debug|Any CPU.ActiveCfg = Debug|Any CPU
		{969FA9A3-7FBE-4ACD-A225-1F957CE6221B}.Debug|Any CPU.Build.0 = Debug|Any CPU
		{969FA9A3-7FBE-4ACD-A225-1F957CE6221B}.Release|Any CPU.ActiveCfg = Release|Any CPU
		{969FA9A3-7FBE-4ACD-A225-1F957CE6221B}.Release|Any CPU.Build.0 = Release|Any CPU
		{418C7742-2EEC-47A5-9D59-47826BA69AB0}.Debug|Any CPU.ActiveCfg = Debug|Any CPU
		{418C7742-2EEC-47A5-9D59-47826BA69AB0}.Debug|Any CPU.Build.0 = Debug|Any CPU
		{418C7742-2EEC-47A5-9D59-47826BA69AB0}.Release|Any CPU.ActiveCfg = Release|Any CPU
		{418C7742-2EEC-47A5-9D59-47826BA69AB0}.Release|Any CPU.Build.0 = Release|Any CPU
		{1523D2F4-C477-45DC-8556-55B3836EE806}.Debug|Any CPU.ActiveCfg = Debug|Any CPU
		{1523D2F4-C477-45DC-8556-55B3836EE806}.Debug|Any CPU.Build.0 = Debug|Any CPU
		{1523D2F4-C477-45DC-8556-55B3836EE806}.Release|Any CPU.ActiveCfg = Release|Any CPU
		{1523D2F4-C477-45DC-8556-55B3836EE806}.Release|Any CPU.Build.0 = Release|Any CPU
		{BFBAA976-7482-4CB2-BA88-4F8CAF076EDE}.Debug|Any CPU.ActiveCfg = Debug|Any CPU
		{BFBAA976-7482-4CB2-BA88-4F8CAF076EDE}.Debug|Any CPU.Build.0 = Debug|Any CPU
		{BFBAA976-7482-4CB2-BA88-4F8CAF076EDE}.Release|Any CPU.ActiveCfg = Release|Any CPU
		{BFBAA976-7482-4CB2-BA88-4F8CAF076EDE}.Release|Any CPU.Build.0 = Release|Any CPU
		{7BCA3CCD-B307-4644-BC5E-4D312B9DBCBE}.Debug|Any CPU.ActiveCfg = Debug|Any CPU
		{7BCA3CCD-B307-4644-BC5E-4D312B9DBCBE}.Debug|Any CPU.Build.0 = Debug|Any CPU
		{7BCA3CCD-B307-4644-BC5E-4D312B9DBCBE}.Release|Any CPU.ActiveCfg = Release|Any CPU
		{7BCA3CCD-B307-4644-BC5E-4D312B9DBCBE}.Release|Any CPU.Build.0 = Release|Any CPU
	EndGlobalSection
	GlobalSection(SolutionProperties) = preSolution
		HideSolutionNode = FALSE
	EndGlobalSection
	GlobalSection(ExtensibilityGlobals) = postSolution
		SolutionGuid = {1D9FA831-13B2-4AC4-8B28-84B30C88D769}
	EndGlobalSection
EndGlobal
